// !$*UTF8*$!
{
	archiveVersion = 1;
	classes = {
	};
	objectVersion = 46;
	objects = {

/* Begin PBXBuildFile section */
		80F6D9B91E31967900C1BDA9 /* AppDelegate.swift in Sources */ = {isa = PBXBuildFile; fileRef = 80F6D9B81E31967900C1BDA9 /* AppDelegate.swift */; };
		80F6D9BB1E31967900C1BDA9 /* HomeViewController.swift in Sources */ = {isa = PBXBuildFile; fileRef = 80F6D9BA1E31967900C1BDA9 /* HomeViewController.swift */; };
		80F6D9BE1E31967900C1BDA9 /* Main.storyboard in Resources */ = {isa = PBXBuildFile; fileRef = 80F6D9BC1E31967900C1BDA9 /* Main.storyboard */; };
		80F6D9C01E31967900C1BDA9 /* Assets.xcassets in Resources */ = {isa = PBXBuildFile; fileRef = 80F6D9BF1E31967900C1BDA9 /* Assets.xcassets */; };
		80F6D9C31E31967900C1BDA9 /* LaunchScreen.storyboard in Resources */ = {isa = PBXBuildFile; fileRef = 80F6D9C11E31967900C1BDA9 /* LaunchScreen.storyboard */; };
		80F6D9CE1E31967900C1BDA9 /* Finance_ManagerTests.swift in Sources */ = {isa = PBXBuildFile; fileRef = 80F6D9CD1E31967900C1BDA9 /* Finance_ManagerTests.swift */; };
		80F6D9D91E31967900C1BDA9 /* Finance_ManagerUITests.swift in Sources */ = {isa = PBXBuildFile; fileRef = 80F6D9D81E31967900C1BDA9 /* Finance_ManagerUITests.swift */; };
		80F6D9E71E31B2EC00C1BDA9 /* AddTransactionViewController.swift in Sources */ = {isa = PBXBuildFile; fileRef = 80F6D9E61E31B2EC00C1BDA9 /* AddTransactionViewController.swift */; };
/* End PBXBuildFile section */

/* Begin PBXContainerItemProxy section */
		80F6D9CA1E31967900C1BDA9 /* PBXContainerItemProxy */ = {
			isa = PBXContainerItemProxy;
			containerPortal = 80F6D9AD1E31967900C1BDA9 /* Project object */;
			proxyType = 1;
			remoteGlobalIDString = 80F6D9B41E31967900C1BDA9;
			remoteInfo = "Finance Manager";
		};
		80F6D9D51E31967900C1BDA9 /* PBXContainerItemProxy */ = {
			isa = PBXContainerItemProxy;
			containerPortal = 80F6D9AD1E31967900C1BDA9 /* Project object */;
			proxyType = 1;
			remoteGlobalIDString = 80F6D9B41E31967900C1BDA9;
			remoteInfo = "Finance Manager";
		};
/* End PBXContainerItemProxy section */

/* Begin PBXFileReference section */
		80F6D9B51E31967900C1BDA9 /* Finance Manager.app */ = {isa = PBXFileReference; explicitFileType = wrapper.application; includeInIndex = 0; path = "Finance Manager.app"; sourceTree = BUILT_PRODUCTS_DIR; };
		80F6D9B81E31967900C1BDA9 /* AppDelegate.swift */ = {isa = PBXFileReference; lastKnownFileType = sourcecode.swift; path = AppDelegate.swift; sourceTree = "<group>"; };
		80F6D9BA1E31967900C1BDA9 /* HomeViewController.swift */ = {isa = PBXFileReference; lastKnownFileType = sourcecode.swift; path = HomeViewController.swift; sourceTree = "<group>"; };
		80F6D9BD1E31967900C1BDA9 /* Base */ = {isa = PBXFileReference; lastKnownFileType = file.storyboard; name = Base; path = Base.lproj/Main.storyboard; sourceTree = "<group>"; };
		80F6D9BF1E31967900C1BDA9 /* Assets.xcassets */ = {isa = PBXFileReference; lastKnownFileType = folder.assetcatalog; path = Assets.xcassets; sourceTree = "<group>"; };
		80F6D9C21E31967900C1BDA9 /* Base */ = {isa = PBXFileReference; lastKnownFileType = file.storyboard; name = Base; path = Base.lproj/LaunchScreen.storyboard; sourceTree = "<group>"; };
		80F6D9C41E31967900C1BDA9 /* Info.plist */ = {isa = PBXFileReference; lastKnownFileType = text.plist.xml; path = Info.plist; sourceTree = "<group>"; };
		80F6D9C91E31967900C1BDA9 /* Finance ManagerTests.xctest */ = {isa = PBXFileReference; explicitFileType = wrapper.cfbundle; includeInIndex = 0; path = "Finance ManagerTests.xctest"; sourceTree = BUILT_PRODUCTS_DIR; };
		80F6D9CD1E31967900C1BDA9 /* Finance_ManagerTests.swift */ = {isa = PBXFileReference; lastKnownFileType = sourcecode.swift; path = Finance_ManagerTests.swift; sourceTree = "<group>"; };
		80F6D9CF1E31967900C1BDA9 /* Info.plist */ = {isa = PBXFileReference; lastKnownFileType = text.plist.xml; path = Info.plist; sourceTree = "<group>"; };
		80F6D9D41E31967900C1BDA9 /* Finance ManagerUITests.xctest */ = {isa = PBXFileReference; explicitFileType = wrapper.cfbundle; includeInIndex = 0; path = "Finance ManagerUITests.xctest"; sourceTree = BUILT_PRODUCTS_DIR; };
		80F6D9D81E31967900C1BDA9 /* Finance_ManagerUITests.swift */ = {isa = PBXFileReference; lastKnownFileType = sourcecode.swift; path = Finance_ManagerUITests.swift; sourceTree = "<group>"; };
		80F6D9DA1E31967900C1BDA9 /* Info.plist */ = {isa = PBXFileReference; lastKnownFileType = text.plist.xml; path = Info.plist; sourceTree = "<group>"; };
		80F6D9E61E31B2EC00C1BDA9 /* AddTransactionViewController.swift */ = {isa = PBXFileReference; fileEncoding = 4; lastKnownFileType = sourcecode.swift; name = AddTransactionViewController.swift; path = ../AddTransactionViewController.swift; sourceTree = "<group>"; };
/* End PBXFileReference section */

/* Begin PBXFrameworksBuildPhase section */
		80F6D9B21E31967900C1BDA9 /* Frameworks */ = {
			isa = PBXFrameworksBuildPhase;
			buildActionMask = 2147483647;
			files = (
			);
			runOnlyForDeploymentPostprocessing = 0;
		};
		80F6D9C61E31967900C1BDA9 /* Frameworks */ = {
			isa = PBXFrameworksBuildPhase;
			buildActionMask = 2147483647;
			files = (
			);
			runOnlyForDeploymentPostprocessing = 0;
		};
		80F6D9D11E31967900C1BDA9 /* Frameworks */ = {
			isa = PBXFrameworksBuildPhase;
			buildActionMask = 2147483647;
			files = (
			);
			runOnlyForDeploymentPostprocessing = 0;
		};
/* End PBXFrameworksBuildPhase section */

/* Begin PBXGroup section */
		80F6D9AC1E31967900C1BDA9 = {
			isa = PBXGroup;
			children = (
				80F6D9B71E31967900C1BDA9 /* Finance Manager */,
				80F6D9CC1E31967900C1BDA9 /* Finance ManagerTests */,
				80F6D9D71E31967900C1BDA9 /* Finance ManagerUITests */,
				80F6D9B61E31967900C1BDA9 /* Products */,
			);
			sourceTree = "<group>";
		};
		80F6D9B61E31967900C1BDA9 /* Products */ = {
			isa = PBXGroup;
			children = (
				80F6D9B51E31967900C1BDA9 /* Finance Manager.app */,
				80F6D9C91E31967900C1BDA9 /* Finance ManagerTests.xctest */,
				80F6D9D41E31967900C1BDA9 /* Finance ManagerUITests.xctest */,
			);
			name = Products;
			sourceTree = "<group>";
		};
		80F6D9B71E31967900C1BDA9 /* Finance Manager */ = {
			isa = PBXGroup;
			children = (
				80F6D9B81E31967900C1BDA9 /* AppDelegate.swift */,
				80F6D9BA1E31967900C1BDA9 /* HomeViewController.swift */,
				80F6D9BC1E31967900C1BDA9 /* Main.storyboard */,
				80F6D9E61E31B2EC00C1BDA9 /* AddTransactionViewController.swift */,
				80F6D9BF1E31967900C1BDA9 /* Assets.xcassets */,
				80F6D9C11E31967900C1BDA9 /* LaunchScreen.storyboard */,
				80F6D9C41E31967900C1BDA9 /* Info.plist */,
			);
			path = "Finance Manager";
			sourceTree = "<group>";
		};
		80F6D9CC1E31967900C1BDA9 /* Finance ManagerTests */ = {
			isa = PBXGroup;
			children = (
				80F6D9CD1E31967900C1BDA9 /* Finance_ManagerTests.swift */,
				80F6D9CF1E31967900C1BDA9 /* Info.plist */,
			);
			path = "Finance ManagerTests";
			sourceTree = "<group>";
		};
		80F6D9D71E31967900C1BDA9 /* Finance ManagerUITests */ = {
			isa = PBXGroup;
			children = (
				80F6D9D81E31967900C1BDA9 /* Finance_ManagerUITests.swift */,
				80F6D9DA1E31967900C1BDA9 /* Info.plist */,
			);
			path = "Finance ManagerUITests";
			sourceTree = "<group>";
		};
/* End PBXGroup section */

/* Begin PBXNativeTarget section */
		80F6D9B41E31967900C1BDA9 /* Finance Manager */ = {
			isa = PBXNativeTarget;
			buildConfigurationList = 80F6D9DD1E31967900C1BDA9 /* Build configuration list for PBXNativeTarget "Finance Manager" */;
			buildPhases = (
				80F6D9B11E31967900C1BDA9 /* Sources */,
				80F6D9B21E31967900C1BDA9 /* Frameworks */,
				80F6D9B31E31967900C1BDA9 /* Resources */,
			);
			buildRules = (
			);
			dependencies = (
			);
			name = "Finance Manager";
			productName = "Finance Manager";
			productReference = 80F6D9B51E31967900C1BDA9 /* Finance Manager.app */;
			productType = "com.apple.product-type.application";
		};
		80F6D9C81E31967900C1BDA9 /* Finance ManagerTests */ = {
			isa = PBXNativeTarget;
			buildConfigurationList = 80F6D9E01E31967900C1BDA9 /* Build configuration list for PBXNativeTarget "Finance ManagerTests" */;
			buildPhases = (
				80F6D9C51E31967900C1BDA9 /* Sources */,
				80F6D9C61E31967900C1BDA9 /* Frameworks */,
				80F6D9C71E31967900C1BDA9 /* Resources */,
			);
			buildRules = (
			);
			dependencies = (
				80F6D9CB1E31967900C1BDA9 /* PBXTargetDependency */,
			);
			name = "Finance ManagerTests";
			productName = "Finance ManagerTests";
			productReference = 80F6D9C91E31967900C1BDA9 /* Finance ManagerTests.xctest */;
			productType = "com.apple.product-type.bundle.unit-test";
		};
		80F6D9D31E31967900C1BDA9 /* Finance ManagerUITests */ = {
			isa = PBXNativeTarget;
			buildConfigurationList = 80F6D9E31E31967900C1BDA9 /* Build configuration list for PBXNativeTarget "Finance ManagerUITests" */;
			buildPhases = (
				80F6D9D01E31967900C1BDA9 /* Sources */,
				80F6D9D11E31967900C1BDA9 /* Frameworks */,
				80F6D9D21E31967900C1BDA9 /* Resources */,
			);
			buildRules = (
			);
			dependencies = (
				80F6D9D61E31967900C1BDA9 /* PBXTargetDependency */,
			);
			name = "Finance ManagerUITests";
			productName = "Finance ManagerUITests";
			productReference = 80F6D9D41E31967900C1BDA9 /* Finance ManagerUITests.xctest */;
			productType = "com.apple.product-type.bundle.ui-testing";
		};
/* End PBXNativeTarget section */

/* Begin PBXProject section */
		80F6D9AD1E31967900C1BDA9 /* Project object */ = {
			isa = PBXProject;
			attributes = {
				LastSwiftUpdateCheck = 0820;
				LastUpgradeCheck = 0820;
				ORGANIZATIONNAME = "Vaibhav Bafna";
				TargetAttributes = {
					80F6D9B41E31967900C1BDA9 = {
						CreatedOnToolsVersion = 8.2.1;
						ProvisioningStyle = Automatic;
					};
					80F6D9C81E31967900C1BDA9 = {
						CreatedOnToolsVersion = 8.2.1;
						ProvisioningStyle = Automatic;
						TestTargetID = 80F6D9B41E31967900C1BDA9;
					};
					80F6D9D31E31967900C1BDA9 = {
						CreatedOnToolsVersion = 8.2.1;
						ProvisioningStyle = Automatic;
						TestTargetID = 80F6D9B41E31967900C1BDA9;
					};
				};
			};
			buildConfigurationList = 80F6D9B01E31967900C1BDA9 /* Build configuration list for PBXProject "Finance Manager" */;
			compatibilityVersion = "Xcode 3.2";
			developmentRegion = English;
			hasScannedForEncodings = 0;
			knownRegions = (
				en,
				Base,
			);
			mainGroup = 80F6D9AC1E31967900C1BDA9;
			productRefGroup = 80F6D9B61E31967900C1BDA9 /* Products */;
			projectDirPath = "";
			projectRoot = "";
			targets = (
				80F6D9B41E31967900C1BDA9 /* Finance Manager */,
				80F6D9C81E31967900C1BDA9 /* Finance ManagerTests */,
				80F6D9D31E31967900C1BDA9 /* Finance ManagerUITests */,
			);
		};
/* End PBXProject section */

/* Begin PBXResourcesBuildPhase section */
		80F6D9B31E31967900C1BDA9 /* Resources */ = {
			isa = PBXResourcesBuildPhase;
			buildActionMask = 2147483647;
			files = (
				80F6D9C31E31967900C1BDA9 /* LaunchScreen.storyboard in Resources */,
				80F6D9C01E31967900C1BDA9 /* Assets.xcassets in Resources */,
				80F6D9BE1E31967900C1BDA9 /* Main.storyboard in Resources */,
			);
			runOnlyForDeploymentPostprocessing = 0;
		};
		80F6D9C71E31967900C1BDA9 /* Resources */ = {
			isa = PBXResourcesBuildPhase;
			buildActionMask = 2147483647;
			files = (
			);
			runOnlyForDeploymentPostprocessing = 0;
		};
		80F6D9D21E31967900C1BDA9 /* Resources */ = {
			isa = PBXResourcesBuildPhase;
			buildActionMask = 2147483647;
			files = (
			);
			runOnlyForDeploymentPostprocessing = 0;
		};
/* End PBXResourcesBuildPhase section */

/* Begin PBXSourcesBuildPhase section */
		80F6D9B11E31967900C1BDA9 /* Sources */ = {
			isa = PBXSourcesBuildPhase;
			buildActionMask = 2147483647;
			files = (
				80F6D9E71E31B2EC00C1BDA9 /* AddTransactionViewController.swift in Sources */,
				80F6D9BB1E31967900C1BDA9 /* HomeViewController.swift in Sources */,
				80F6D9B91E31967900C1BDA9 /* AppDelegate.swift in Sources */,
			);
			runOnlyForDeploymentPostprocessing = 0;
		};
		80F6D9C51E31967900C1BDA9 /* Sources */ = {
			isa = PBXSourcesBuildPhase;
			buildActionMask = 2147483647;
			files = (
				80F6D9CE1E31967900C1BDA9 /* Finance_ManagerTests.swift in Sources */,
			);
			runOnlyForDeploymentPostprocessing = 0;
		};
		80F6D9D01E31967900C1BDA9 /* Sources */ = {
			isa = PBXSourcesBuildPhase;
			buildActionMask = 2147483647;
			files = (
				80F6D9D91E31967900C1BDA9 /* Finance_ManagerUITests.swift in Sources */,
			);
			runOnlyForDeploymentPostprocessing = 0;
		};
/* End PBXSourcesBuildPhase section */

/* Begin PBXTargetDependency section */
		80F6D9CB1E31967900C1BDA9 /* PBXTargetDependency */ = {
			isa = PBXTargetDependency;
			target = 80F6D9B41E31967900C1BDA9 /* Finance Manager */;
			targetProxy = 80F6D9CA1E31967900C1BDA9 /* PBXContainerItemProxy */;
		};
		80F6D9D61E31967900C1BDA9 /* PBXTargetDependency */ = {
			isa = PBXTargetDependency;
			target = 80F6D9B41E31967900C1BDA9 /* Finance Manager */;
			targetProxy = 80F6D9D51E31967900C1BDA9 /* PBXContainerItemProxy */;
		};
/* End PBXTargetDependency section */

/* Begin PBXVariantGroup section */
		80F6D9BC1E31967900C1BDA9 /* Main.storyboard */ = {
			isa = PBXVariantGroup;
			children = (
				80F6D9BD1E31967900C1BDA9 /* Base */,
			);
			name = Main.storyboard;
			sourceTree = "<group>";
		};
		80F6D9C11E31967900C1BDA9 /* LaunchScreen.storyboard */ = {
			isa = PBXVariantGroup;
			children = (
				80F6D9C21E31967900C1BDA9 /* Base */,
			);
			name = LaunchScreen.storyboard;
			sourceTree = "<group>";
		};
/* End PBXVariantGroup section */

/* Begin XCBuildConfiguration section */
		80F6D9DB1E31967900C1BDA9 /* Debug */ = {
			isa = XCBuildConfiguration;
			buildSettings = {
				ALWAYS_SEARCH_USER_PATHS = NO;
				CLANG_ANALYZER_NONNULL = YES;
				CLANG_CXX_LANGUAGE_STANDARD = "gnu++0x";
				CLANG_CXX_LIBRARY = "libc++";
				CLANG_ENABLE_MODULES = YES;
				CLANG_ENABLE_OBJC_ARC = YES;
				CLANG_WARN_BOOL_CONVERSION = YES;
				CLANG_WARN_CONSTANT_CONVERSION = YES;
				CLANG_WARN_DIRECT_OBJC_ISA_USAGE = YES_ERROR;
				CLANG_WARN_DOCUMENTATION_COMMENTS = YES;
				CLANG_WARN_EMPTY_BODY = YES;
				CLANG_WARN_ENUM_CONVERSION = YES;
				CLANG_WARN_INFINITE_RECURSION = YES;
				CLANG_WARN_INT_CONVERSION = YES;
				CLANG_WARN_OBJC_ROOT_CLASS = YES_ERROR;
				CLANG_WARN_SUSPICIOUS_MOVE = YES;
				CLANG_WARN_UNREACHABLE_CODE = YES;
				CLANG_WARN__DUPLICATE_METHOD_MATCH = YES;
				"CODE_SIGN_IDENTITY[sdk=iphoneos*]" = "iPhone Developer";
				COPY_PHASE_STRIP = NO;
				DEBUG_INFORMATION_FORMAT = dwarf;
				ENABLE_STRICT_OBJC_MSGSEND = YES;
				ENABLE_TESTABILITY = YES;
				GCC_C_LANGUAGE_STANDARD = gnu99;
				GCC_DYNAMIC_NO_PIC = NO;
				GCC_NO_COMMON_BLOCKS = YES;
				GCC_OPTIMIZATION_LEVEL = 0;
				GCC_PREPROCESSOR_DEFINITIONS = (
					"DEBUG=1",
					"$(inherited)",
				);
				GCC_WARN_64_TO_32_BIT_CONVERSION = YES;
				GCC_WARN_ABOUT_RETURN_TYPE = YES_ERROR;
				GCC_WARN_UNDECLARED_SELECTOR = YES;
				GCC_WARN_UNINITIALIZED_AUTOS = YES_AGGRESSIVE;
				GCC_WARN_UNUSED_FUNCTION = YES;
				GCC_WARN_UNUSED_VARIABLE = YES;
				IPHONEOS_DEPLOYMENT_TARGET = 10.2;
				MTL_ENABLE_DEBUG_INFO = YES;
				ONLY_ACTIVE_ARCH = YES;
				SDKROOT = iphoneos;
				SWIFT_ACTIVE_COMPILATION_CONDITIONS = DEBUG;
				SWIFT_OPTIMIZATION_LEVEL = "-Onone";
				TARGETED_DEVICE_FAMILY = "1,2";
			};
			name = Debug;
		};
		80F6D9DC1E31967900C1BDA9 /* Release */ = {
			isa = XCBuildConfiguration;
			buildSettings = {
				ALWAYS_SEARCH_USER_PATHS = NO;
				CLANG_ANALYZER_NONNULL = YES;
				CLANG_CXX_LANGUAGE_STANDARD = "gnu++0x";
				CLANG_CXX_LIBRARY = "libc++";
				CLANG_ENABLE_MODULES = YES;
				CLANG_ENABLE_OBJC_ARC = YES;
				CLANG_WARN_BOOL_CONVERSION = YES;
				CLANG_WARN_CONSTANT_CONVERSION = YES;
				CLANG_WARN_DIRECT_OBJC_ISA_USAGE = YES_ERROR;
				CLANG_WARN_DOCUMENTATION_COMMENTS = YES;
				CLANG_WARN_EMPTY_BODY = YES;
				CLANG_WARN_ENUM_CONVERSION = YES;
				CLANG_WARN_INFINITE_RECURSION = YES;
				CLANG_WARN_INT_CONVERSION = YES;
				CLANG_WARN_OBJC_ROOT_CLASS = YES_ERROR;
				CLANG_WARN_SUSPICIOUS_MOVE = YES;
				CLANG_WARN_UNREACHABLE_CODE = YES;
				CLANG_WARN__DUPLICATE_METHOD_MATCH = YES;
				"CODE_SIGN_IDENTITY[sdk=iphoneos*]" = "iPhone Developer";
				COPY_PHASE_STRIP = NO;
				DEBUG_INFORMATION_FORMAT = "dwarf-with-dsym";
				ENABLE_NS_ASSERTIONS = NO;
				ENABLE_STRICT_OBJC_MSGSEND = YES;
				GCC_C_LANGUAGE_STANDARD = gnu99;
				GCC_NO_COMMON_BLOCKS = YES;
				GCC_WARN_64_TO_32_BIT_CONVERSION = YES;
				GCC_WARN_ABOUT_RETURN_TYPE = YES_ERROR;
				GCC_WARN_UNDECLARED_SELECTOR = YES;
				GCC_WARN_UNINITIALIZED_AUTOS = YES_AGGRESSIVE;
				GCC_WARN_UNUSED_FUNCTION = YES;
				GCC_WARN_UNUSED_VARIABLE = YES;
				IPHONEOS_DEPLOYMENT_TARGET = 10.2;
				MTL_ENABLE_DEBUG_INFO = NO;
				SDKROOT = iphoneos;
				SWIFT_OPTIMIZATION_LEVEL = "-Owholemodule";
				TARGETED_DEVICE_FAMILY = "1,2";
				VALIDATE_PRODUCT = YES;
			};
			name = Release;
		};
		80F6D9DE1E31967900C1BDA9 /* Debug */ = {
			isa = XCBuildConfiguration;
			buildSettings = {
				ASSETCATALOG_COMPILER_APPICON_NAME = AppIcon;
				INFOPLIST_FILE = "Finance Manager/Info.plist";
				LD_RUNPATH_SEARCH_PATHS = "$(inherited) @executable_path/Frameworks";
				PRODUCT_BUNDLE_IDENTIFIER = "com.vbafna.Finance-Manager";
				PRODUCT_NAME = "$(TARGET_NAME)";
				SWIFT_VERSION = 3.0;
			};
			name = Debug;
		};
		80F6D9DF1E31967900C1BDA9 /* Release */ = {
			isa = XCBuildConfiguration;
			buildSettings = {
				ASSETCATALOG_COMPILER_APPICON_NAME = AppIcon;
				INFOPLIST_FILE = "Finance Manager/Info.plist";
				LD_RUNPATH_SEARCH_PATHS = "$(inherited) @executable_path/Frameworks";
				PRODUCT_BUNDLE_IDENTIFIER = "com.vbafna.Finance-Manager";
				PRODUCT_NAME = "$(TARGET_NAME)";
				SWIFT_VERSION = 3.0;
			};
			name = Release;
		};
		80F6D9E11E31967900C1BDA9 /* Debug */ = {
			isa = XCBuildConfiguration;
			buildSettings = {
				ALWAYS_EMBED_SWIFT_STANDARD_LIBRARIES = YES;
				BUNDLE_LOADER = "$(TEST_HOST)";
				INFOPLIST_FILE = "Finance ManagerTests/Info.plist";
				LD_RUNPATH_SEARCH_PATHS = "$(inherited) @executable_path/Frameworks @loader_path/Frameworks";
				PRODUCT_BUNDLE_IDENTIFIER = "com.vbafna.Finance-ManagerTests";
				PRODUCT_NAME = "$(TARGET_NAME)";
				SWIFT_VERSION = 3.0;
				TEST_HOST = "$(BUILT_PRODUCTS_DIR)/Finance Manager.app/Finance Manager";
			};
			name = Debug;
		};
		80F6D9E21E31967900C1BDA9 /* Release */ = {
			isa = XCBuildConfiguration;
			buildSettings = {
				ALWAYS_EMBED_SWIFT_STANDARD_LIBRARIES = YES;
				BUNDLE_LOADER = "$(TEST_HOST)";
				INFOPLIST_FILE = "Finance ManagerTests/Info.plist";
				LD_RUNPATH_SEARCH_PATHS = "$(inherited) @executable_path/Frameworks @loader_path/Frameworks";
				PRODUCT_BUNDLE_IDENTIFIER = "com.vbafna.Finance-ManagerTests";
				PRODUCT_NAME = "$(TARGET_NAME)";
				SWIFT_VERSION = 3.0;
				TEST_HOST = "$(BUILT_PRODUCTS_DIR)/Finance Manager.app/Finance Manager";
			};
			name = Release;
		};
		80F6D9E41E31967900C1BDA9 /* Debug */ = {
			isa = XCBuildConfiguration;
			buildSettings = {
				ALWAYS_EMBED_SWIFT_STANDARD_LIBRARIES = YES;
				INFOPLIST_FILE = "Finance ManagerUITests/Info.plist";
				LD_RUNPATH_SEARCH_PATHS = "$(inherited) @executable_path/Frameworks @loader_path/Frameworks";
				PRODUCT_BUNDLE_IDENTIFIER = "com.vbafna.Finance-ManagerUITests";
				PRODUCT_NAME = "$(TARGET_NAME)";
				SWIFT_VERSION = 3.0;
				TEST_TARGET_NAME = "Finance Manager";
			};
			name = Debug;
		};
		80F6D9E51E31967900C1BDA9 /* Release */ = {
			isa = XCBuildConfiguration;
			buildSettings = {
				ALWAYS_EMBED_SWIFT_STANDARD_LIBRARIES = YES;
				INFOPLIST_FILE = "Finance ManagerUITests/Info.plist";
				LD_RUNPATH_SEARCH_PATHS = "$(inherited) @executable_path/Frameworks @loader_path/Frameworks";
				PRODUCT_BUNDLE_IDENTIFIER = "com.vbafna.Finance-ManagerUITests";
				PRODUCT_NAME = "$(TARGET_NAME)";
				SWIFT_VERSION = 3.0;
				TEST_TARGET_NAME = "Finance Manager";
			};
			name = Release;
		};
/* End XCBuildConfiguration section */

/* Begin XCConfigurationList section */
		80F6D9B01E31967900C1BDA9 /* Build configuration list for PBXProject "Finance Manager" */ = {
			isa = XCConfigurationList;
			buildConfigurations = (
				80F6D9DB1E31967900C1BDA9 /* Debug */,
				80F6D9DC1E31967900C1BDA9 /* Release */,
			);
			defaultConfigurationIsVisible = 0;
			defaultConfigurationName = Release;
		};
		80F6D9DD1E31967900C1BDA9 /* Build configuration list for PBXNativeTarget "Finance Manager" */ = {
			isa = XCConfigurationList;
			buildConfigurations = (
				80F6D9DE1E31967900C1BDA9 /* Debug */,
				80F6D9DF1E31967900C1BDA9 /* Release */,
			);
			defaultConfigurationIsVisible = 0;
		};
		80F6D9E01E31967900C1BDA9 /* Build configuration list for PBXNativeTarget "Finance ManagerTests" */ = {
			isa = XCConfigurationList;
			buildConfigurations = (
				80F6D9E11E31967900C1BDA9 /* Debug */,
				80F6D9E21E31967900C1BDA9 /* Release */,
			);
			defaultConfigurationIsVisible = 0;
		};
		80F6D9E31E31967900C1BDA9 /* Build configuration list for PBXNativeTarget "Finance ManagerUITests" */ = {
			isa = XCConfigurationList;
			buildConfigurations = (
				80F6D9E41E31967900C1BDA9 /* Debug */,
				80F6D9E51E31967900C1BDA9 /* Release */,
			);
			defaultConfigurationIsVisible = 0;
		};
/* End XCConfigurationList section */
	};
	rootObject = 80F6D9AD1E31967900C1BDA9 /* Project object */;
}
